
Microsoft Visual Studio Solution File, Format Version 12.00
# Visual Studio Version 16
VisualStudioVersion = 16.0.31229.75
MinimumVisualStudioVersion = 10.0.40219.1
Project("{FAE04EC0-301F-11D3-BF4B-00C04F79EFBC}") = "FarmFinanceWeb", "FarmFinanceWeb\FarmFinanceWeb.csproj", "{B2C7A27C-8D89-4003-8828-B4752D38A648}"
EndProject
Project("{FAE04EC0-301F-11D3-BF4B-00C04F79EFBC}") = "FarmFinances.Models", "FarmFinances.Models\FarmFinances.Models.csproj", "{49D62B4D-861B-43A7-9A94-5EB5BD4E5D8F}"
EndProject
Project("{FAE04EC0-301F-11D3-BF4B-00C04F79EFBC}") = "FarmFinances.Database", "FarmFinances.Database\FarmFinances.Database.csproj", "{60D45A3D-337D-4CF7-91C3-0DBE36FB7586}"
EndProject
Global
	GlobalSection(SolutionConfigurationPlatforms) = preSolution
		Debug|Any CPU = Debug|Any CPU
		Release|Any CPU = Release|Any CPU
	EndGlobalSection
	GlobalSection(ProjectConfigurationPlatforms) = postSolution
		{B2C7A27C-8D89-4003-8828-B4752D38A648}.Debug|Any CPU.ActiveCfg = Debug|Any CPU
		{B2C7A27C-8D89-4003-8828-B4752D38A648}.Debug|Any CPU.Build.0 = Debug|Any CPU
		{B2C7A27C-8D89-4003-8828-B4752D38A648}.Release|Any CPU.ActiveCfg = Release|Any CPU
		{B2C7A27C-8D89-4003-8828-B4752D38A648}.Release|Any CPU.Build.0 = Release|Any CPU
		{49D62B4D-861B-43A7-9A94-5EB5BD4E5D8F}.Debug|Any CPU.ActiveCfg = Debug|Any CPU
		{49D62B4D-861B-43A7-9A94-5EB5BD4E5D8F}.Debug|Any CPU.Build.0 = Debug|Any CPU
		{49D62B4D-861B-43A7-9A94-5EB5BD4E5D8F}.Release|Any CPU.ActiveCfg = Release|Any CPU
		{49D62B4D-861B-43A7-9A94-5EB5BD4E5D8F}.Release|Any CPU.Build.0 = Release|Any CPU
		{60D45A3D-337D-4CF7-91C3-0DBE36FB7586}.Debug|Any CPU.ActiveCfg = Debug|Any CPU
		{60D45A3D-337D-4CF7-91C3-0DBE36FB7586}.Debug|Any CPU.Build.0 = Debug|Any CPU
		{60D45A3D-337D-4CF7-91C3-0DBE36FB7586}.Release|Any CPU.ActiveCfg = Release|Any CPU
		{60D45A3D-337D-4CF7-91C3-0DBE36FB7586}.Release|Any CPU.Build.0 = Release|Any CPU
	EndGlobalSection
	GlobalSection(SolutionProperties) = preSolution
		HideSolutionNode = FALSE
	EndGlobalSection
	GlobalSection(ExtensibilityGlobals) = postSolution
		SolutionGuid = {C1B02CB8-1335-4BB4-9356-45FF241680EE}
	EndGlobalSection
EndGlobal
